
Microsoft Visual Studio Solution File, Format Version 12.00
# Visual Studio Version 17
VisualStudioVersion = 17.0.31912.275
MinimumVisualStudioVersion = 10.0.40219.1
Project("{FAE04EC0-301F-11D3-BF4B-00C04F79EFBC}") = "CapitalPlacementAssessement", "CapitalPlacementAssessement\CapitalPlacementAssessement.csproj", "{2E6A04EC-938A-4778-ABB0-E31B72D7B203}"
EndProject
Project("{FAE04EC0-301F-11D3-BF4B-00C04F79EFBC}") = "CapitalPlacement.Data", "CapitalPlacement.Data\CapitalPlacement.Data.csproj", "{427FA65A-03E1-48F3-AE06-DAB9548F71DF}"
EndProject
Project("{FAE04EC0-301F-11D3-BF4B-00C04F79EFBC}") = "CapitalPlacement.Common", "CapitalPlacement.Common\CapitalPlacement.Common.csproj", "{87AF8DFD-3C1C-430A-9C3D-DF998711F028}"
EndProject
Project("{FAE04EC0-301F-11D3-BF4B-00C04F79EFBC}") = "CapitalPlacement.Models", "CapitalPlacement.Models\CapitalPlacement.Models.csproj", "{D339E806-FEAD-4A68-915F-BC88B981FFC7}"
EndProject
Project("{FAE04EC0-301F-11D3-BF4B-00C04F79EFBC}") = "CapitalPlacement.Services", "CapitalPlacement.Services\CapitalPlacement.Services.csproj", "{ACE77F7A-4998-40C3-9373-F22E8FEE940E}"
EndProject
Global
	GlobalSection(SolutionConfigurationPlatforms) = preSolution
		Debug|Any CPU = Debug|Any CPU
		Release|Any CPU = Release|Any CPU
	EndGlobalSection
	GlobalSection(ProjectConfigurationPlatforms) = postSolution
		{2E6A04EC-938A-4778-ABB0-E31B72D7B203}.Debug|Any CPU.ActiveCfg = Debug|Any CPU
		{2E6A04EC-938A-4778-ABB0-E31B72D7B203}.Debug|Any CPU.Build.0 = Debug|Any CPU
		{2E6A04EC-938A-4778-ABB0-E31B72D7B203}.Release|Any CPU.ActiveCfg = Release|Any CPU
		{2E6A04EC-938A-4778-ABB0-E31B72D7B203}.Release|Any CPU.Build.0 = Release|Any CPU
		{427FA65A-03E1-48F3-AE06-DAB9548F71DF}.Debug|Any CPU.ActiveCfg = Debug|Any CPU
		{427FA65A-03E1-48F3-AE06-DAB9548F71DF}.Debug|Any CPU.Build.0 = Debug|Any CPU
		{427FA65A-03E1-48F3-AE06-DAB9548F71DF}.Release|Any CPU.ActiveCfg = Release|Any CPU
		{427FA65A-03E1-48F3-AE06-DAB9548F71DF}.Release|Any CPU.Build.0 = Release|Any CPU
		{87AF8DFD-3C1C-430A-9C3D-DF998711F028}.Debug|Any CPU.ActiveCfg = Debug|Any CPU
		{87AF8DFD-3C1C-430A-9C3D-DF998711F028}.Debug|Any CPU.Build.0 = Debug|Any CPU
		{87AF8DFD-3C1C-430A-9C3D-DF998711F028}.Release|Any CPU.ActiveCfg = Release|Any CPU
		{87AF8DFD-3C1C-430A-9C3D-DF998711F028}.Release|Any CPU.Build.0 = Release|Any CPU
		{D339E806-FEAD-4A68-915F-BC88B981FFC7}.Debug|Any CPU.ActiveCfg = Debug|Any CPU
		{D339E806-FEAD-4A68-915F-BC88B981FFC7}.Debug|Any CPU.Build.0 = Debug|Any CPU
		{D339E806-FEAD-4A68-915F-BC88B981FFC7}.Release|Any CPU.ActiveCfg = Release|Any CPU
		{D339E806-FEAD-4A68-915F-BC88B981FFC7}.Release|Any CPU.Build.0 = Release|Any CPU
		{ACE77F7A-4998-40C3-9373-F22E8FEE940E}.Debug|Any CPU.ActiveCfg = Debug|Any CPU
		{ACE77F7A-4998-40C3-9373-F22E8FEE940E}.Debug|Any CPU.Build.0 = Debug|Any CPU
		{ACE77F7A-4998-40C3-9373-F22E8FEE940E}.Release|Any CPU.ActiveCfg = Release|Any CPU
		{ACE77F7A-4998-40C3-9373-F22E8FEE940E}.Release|Any CPU.Build.0 = Release|Any CPU
	EndGlobalSection
	GlobalSection(SolutionProperties) = preSolution
		HideSolutionNode = FALSE
	EndGlobalSection
	GlobalSection(ExtensibilityGlobals) = postSolution
		SolutionGuid = {960B83C5-61D6-4004-97E5-B42DB91AD062}
	EndGlobalSection
EndGlobal
